
Microsoft Visual Studio Solution File, Format Version 12.00
# Visual Studio Version 18
VisualStudioVersion = 18.4.11626.88 stable
MinimumVisualStudioVersion = 10.0.40219.1
Project("{FAE04EC0-301F-11D3-BF4B-00C04F79EFBC}") = "CarWebAPI.Tests", "CarWebAPI.Tests.csproj", "{C87DD73D-A0DB-FEC1-FC16-E3B056DF194F}"
EndProject
Global
	GlobalSection(SolutionConfigurationPlatforms) = preSolution
		Debug|Any CPU = Debug|Any CPU
		Release|Any CPU = Release|Any CPU
	EndGlobalSection
	GlobalSection(ProjectConfigurationPlatforms) = postSolution
		{C87DD73D-A0DB-FEC1-FC16-E3B056DF194F}.Debug|Any CPU.ActiveCfg = Debug|Any CPU
		{C87DD73D-A0DB-FEC1-FC16-E3B056DF194F}.Debug|Any CPU.Build.0 = Debug|Any CPU
		{C87DD73D-A0DB-FEC1-FC16-E3B056DF194F}.Release|Any CPU.ActiveCfg = Release|Any CPU
		{C87DD73D-A0DB-FEC1-FC16-E3B056DF194F}.Release|Any CPU.Build.0 = Release|Any CPU
	EndGlobalSection
	GlobalSection(SolutionProperties) = preSolution
		HideSolutionNode = FALSE
	EndGlobalSection
	GlobalSection(ExtensibilityGlobals) = postSolution
		SolutionGuid = {20FBF3C6-8122-4E23-B635-60E09DD457A7}
	EndGlobalSection
EndGlobal
