
Microsoft Visual Studio Solution File, Format Version 12.00
# Visual Studio Version 18
VisualStudioVersion = 18.4.11626.88 stable
MinimumVisualStudioVersion = 10.0.40219.1
Project("{FAE04EC0-301F-11D3-BF4B-00C04F79EFBC}") = "CarWebAPI.AuthTests", "CarWebAPI.AuthTests.csproj", "{6B88964C-3709-866F-E7C1-03ECF62C6BE2}"
EndProject
Global
	GlobalSection(SolutionConfigurationPlatforms) = preSolution
		Debug|Any CPU = Debug|Any CPU
		Release|Any CPU = Release|Any CPU
	EndGlobalSection
	GlobalSection(ProjectConfigurationPlatforms) = postSolution
		{6B88964C-3709-866F-E7C1-03ECF62C6BE2}.Debug|Any CPU.ActiveCfg = Debug|Any CPU
		{6B88964C-3709-866F-E7C1-03ECF62C6BE2}.Debug|Any CPU.Build.0 = Debug|Any CPU
		{6B88964C-3709-866F-E7C1-03ECF62C6BE2}.Release|Any CPU.ActiveCfg = Release|Any CPU
		{6B88964C-3709-866F-E7C1-03ECF62C6BE2}.Release|Any CPU.Build.0 = Release|Any CPU
	EndGlobalSection
	GlobalSection(SolutionProperties) = preSolution
		HideSolutionNode = FALSE
	EndGlobalSection
	GlobalSection(ExtensibilityGlobals) = postSolution
		SolutionGuid = {4AD863B7-2D98-464F-99E9-5085586C2B29}
	EndGlobalSection
EndGlobal
